{
    "version": 3,
    "terraform_version": "0.11.3",
    "serial": 6,
    "lineage": "728e100c-effe-4a3c-a69e-a7a9df71c552",
    "modules": [
        {
            "path": [
                "root"
            ],
            "outputs": {
                "address": {
                    "sensitive": false,
                    "type": "string",
                    "value": "104.196.120.226"
                },
                "ssh": {
                    "sensitive": false,
                    "type": "string",
                    "value": "ssh centos@104.196.120.226"
                }
            },
            "resources": {
                "google_compute_address.ext_ip": {
                    "type": "google_compute_address",
                    "depends_on": [],
                    "primary": {
                        "id": "hashi-vault/us-east1/extip",
                        "attributes": {
                            "address": "104.196.120.226",
                            "address_type": "EXTERNAL",
                            "creation_timestamp": "2018-06-25T21:49:19.941-07:00",
                            "description": "",
                            "id": "hashi-vault/us-east1/extip",
                            "name": "extip",
                            "network_tier": "PREMIUM",
                            "project": "hashi-vault",
                            "region": "us-east1",
                            "self_link": "https://www.googleapis.com/compute/v1/projects/hashi-vault/regions/us-east1/addresses/extip",
                            "subnetwork": "",
                            "users.#": "0"
                        },
                        "meta": {
                            "e2bfb730-ecaa-11e6-8f88-34363bc7c4c0": {
                                "create": 240000000000,
                                "delete": 240000000000
                            }
                        },
                        "tainted": false
                    },
                    "deposed": [],
                    "provider": "provider.google"
                },
                "google_compute_instance.web": {
                    "type": "google_compute_instance",
                    "depends_on": [
                        "google_compute_address.ext_ip"
                    ],
                    "primary": {
                        "id": "centos-7-1",
                        "attributes": {
                            "attached_disk.#": "0",
                            "boot_disk.#": "1",
                            "boot_disk.0.auto_delete": "true",
                            "boot_disk.0.device_name": "persistent-disk-0",
                            "boot_disk.0.disk_encryption_key_raw": "",
                            "boot_disk.0.disk_encryption_key_sha256": "",
                            "boot_disk.0.initialize_params.#": "1",
                            "boot_disk.0.initialize_params.0.image": "https://www.googleapis.com/compute/v1/projects/centos-cloud/global/images/centos-7-v20180611",
                            "boot_disk.0.initialize_params.0.size": "10",
                            "boot_disk.0.initialize_params.0.type": "pd-ssd",
                            "boot_disk.0.source": "https://www.googleapis.com/compute/v1/projects/hashi-vault/zones/us-east1-b/disks/centos-7-1",
                            "can_ip_forward": "false",
                            "cpu_platform": "Intel Haswell",
                            "create_timeout": "4",
                            "deletion_protection": "false",
                            "guest_accelerator.#": "0",
                            "id": "centos-7-1",
                            "instance_id": "2869811894327998541",
                            "label_fingerprint": "RH4k8NHnpBI=",
                            "labels.%": "4",
                            "labels.group": "webservers",
                            "labels.name": "web",
                            "labels.project": "gcp-demo",
                            "labels.sshuser": "centos",
                            "machine_type": "n1-standard-1",
                            "metadata.%": "1",
                            "metadata.sshKeys": "centos:ssh-rsa AAAAB3NzaC1yc2EAAAADAQABAAACAQDQ6+oHaZ1U5bRVAOC056nC4mWvXR4Dy/QfIvk9SqCmcphXe0ZjsEzNNp02UTdr9MgfJrBk0oH7mtGpz+aecEsQuuPBfMtjNTSBOFal+XwKwihTGLc/sj5/dINkFLYX+rAkX7ogyfJgJynMXMU64ikGMjchbAS4ficp/HAU/om/zRyxPvH8K/cfIIhho0kQuf2E5cVbAFGto2CmMgos/WlnWRr88/UFApGnHlc8WKcaRMYxAtE/ygAKDGvstGKLBH35CYyldm5vzGKkA7L5Prq9mFB8SHhVL9RXb+swJRI+tD2RZ3XyfQusTGV8tGM7y8So7rdVFrbnX5rdv9drY6K1I225M4pMWhG+U96f/0MkiaAUqgMFyHw+9PSYxw1vbL6MHmSCnZn+fwQtWZOoGbQwaXyOthJ39NLSl//3r5Y+vFPSi9Lr5uBag58Cw/1w052Tq4U0wpqAtuJbIimhJTHLMrvw74n12Enw8JLJn9yWrCveCtaBlDR311+QsENLfC1Zj79iVkQwLPDq7Dgi5w+8wyXdXqt3XR2I+EnO9mmLfAgR6aulU62uoU8U39oenLSdXXsNsezyUP6BCXIY1pEyJ1bO70L9FHs+xko2woyRR5gR4RZom+KWePih39o8fQpJ8S1kY+MC22SerVhm5Fx37H+muRbgwRIlyaDpyPnwQw== hart.ripley@arctiq.ca",
                            "metadata_fingerprint": "clP7pvTF12Y=",
                            "metadata_startup_script": "",
                            "min_cpu_platform": "",
                            "name": "centos-7-1",
                            "network_interface.#": "1",
                            "network_interface.0.access_config.#": "1",
                            "network_interface.0.access_config.0.assigned_nat_ip": "104.196.120.226",
                            "network_interface.0.access_config.0.nat_ip": "104.196.120.226",
                            "network_interface.0.access_config.0.network_tier": "PREMIUM",
                            "network_interface.0.access_config.0.public_ptr_domain_name": "",
                            "network_interface.0.address": "10.142.0.2",
                            "network_interface.0.alias_ip_range.#": "0",
                            "network_interface.0.name": "nic0",
                            "network_interface.0.network": "https://www.googleapis.com/compute/v1/projects/hashi-vault/global/networks/default",
                            "network_interface.0.network_ip": "10.142.0.2",
                            "network_interface.0.subnetwork": "https://www.googleapis.com/compute/v1/projects/hashi-vault/regions/us-east1/subnetworks/default",
                            "network_interface.0.subnetwork_project": "hashi-vault",
                            "project": "hashi-vault",
                            "scheduling.#": "1",
                            "scheduling.0.automatic_restart": "true",
                            "scheduling.0.on_host_maintenance": "MIGRATE",
                            "scheduling.0.preemptible": "false",
                            "scratch_disk.#": "0",
                            "self_link": "https://www.googleapis.com/compute/v1/projects/hashi-vault/zones/us-east1-b/instances/centos-7-1",
                            "service_account.#": "0",
                            "tags.#": "0",
                            "tags_fingerprint": "42WmSpB8rSM=",
                            "zone": "us-east1-b"
                        },
                        "meta": {
                            "e2bfb730-ecaa-11e6-8f88-34363bc7c4c0": {
                                "create": 360000000000,
                                "delete": 360000000000,
                                "update": 360000000000
                            },
                            "schema_version": "6"
                        },
                        "tainted": false
                    },
                    "deposed": [],
                    "provider": "provider.google"
                }
            },
            "depends_on": []
        }
    ]
}
