{
    "version": 3,
    "terraform_version": "0.11.3",
    "serial": 6,
    "lineage": "728e100c-effe-4a3c-a69e-a7a9df71c552",
    "modules": [
        {
            "path": [
                "root"
            ],
            "outputs": {},
            "resources": {
                "google_compute_address.ext_ip": {
                    "type": "google_compute_address",
                    "depends_on": [],
                    "primary": {
                        "id": "hashi-vault/us-east1/extip",
                        "attributes": {
                            "address": "104.196.120.226",
                            "address_type": "EXTERNAL",
                            "creation_timestamp": "2018-06-25T21:49:19.941-07:00",
                            "description": "",
                            "id": "hashi-vault/us-east1/extip",
                            "name": "extip",
                            "network_tier": "PREMIUM",
                            "project": "hashi-vault",
                            "region": "us-east1",
                            "self_link": "https://www.googleapis.com/compute/v1/projects/hashi-vault/regions/us-east1/addresses/extip",
                            "subnetwork": "",
                            "users.#": "0"
                        },
                        "meta": {
                            "e2bfb730-ecaa-11e6-8f88-34363bc7c4c0": {
                                "create": 240000000000,
                                "delete": 240000000000
                            }
                        },
                        "tainted": false
                    },
                    "deposed": [],
                    "provider": "provider.google"
                }
            },
            "depends_on": []
        }
    ]
}
